{
  "requires": true,
  "lockfileVersion": 1,
  "dependencies": {
    "nodemailer": {
      "version": "6.6.2",
      "resolved": "https://registry.npmjs.org/nodemailer/-/nodemailer-6.6.2.tgz",
      "integrity": "sha512-YSzu7TLbI+bsjCis/TZlAXBoM4y93HhlIgo0P5oiA2ua9Z4k+E2Fod//ybIzdJxOlXGRcHIh/WaeCBehvxZb/Q=="
    },
    "requirejs": {
      "version": "2.3.6",
      "resolved": "https://registry.npmjs.org/requirejs/-/requirejs-2.3.6.tgz",
      "integrity": "sha512-ipEzlWQe6RK3jkzikgCupiTbTvm4S0/CAU5GlgptkN5SO6F3u0UD0K18wy6ErDqiCyP4J4YYe1HuAShvsxePLg=="
    }
  }
}
